{
  "originHash" : "92aaee1d2236ccec2aaaa406a945027bbe4ca45685be5b6c95a2ae76f45277d1",
  "pins" : [
    {
      "identity" : "glyph",
      "kind" : "remoteSourceControl",
      "location" : "https://github.com/ChimeHQ/Glyph",
      "state" : {
        "revision" : "38453ad0aeec9390f10841a5784e1231b144914d",
        "version" : "0.1.0"
      }
    },
    {
      "identity" : "rearrange",
      "kind" : "remoteSourceControl",
      "location" : "https://github.com/ChimeHQ/Rearrange",
      "state" : {
        "revision" : "66a819f867bd61b07f97778f96265b421e81226b",
        "version" : "2.1.0"
      }
    }
  ],
  "version" : 3
}
